# This file is automatically @generated by Cargo.
# It is not intended for manual editing.
version = 3

[[package]]
name = "oneshot"
version = "0.1.8"
source = "registry+https://github.com/rust-lang/crates.io-index"
checksum = "e296cf87e61c9cfc1a61c3c63a0f7f286ed4554e0e22be84e8a38e1d264a2a29"

[[package]]
name = "pending"
version = "1.0.0"
dependencies = [
 "oneshot",
 "replace_with",
]

[[package]]
name = "replace_with"
version = "0.1.7"
source = "registry+https://github.com/rust-lang/crates.io-index"
checksum = "e3a8614ee435691de62bcffcf4a66d91b3594bf1428a5722e79103249a095690"
